
Microsoft Visual Studio Solution File, Format Version 12.00
# Visual Studio Version 17
VisualStudioVersion = 17.1.32328.378
MinimumVisualStudioVersion = 10.0.40219.1
Project("{2150E333-8FDC-42A3-9474-1A3956D46DE8}") = "src", "src", "{06761E04-C90E-49EC-BFA4-43F5DCF70D2D}"
EndProject
Project("{2150E333-8FDC-42A3-9474-1A3956D46DE8}") = "test", "test", "{34589507-5B45-4BA5-9CD0-2A5D5B4E764C}"
EndProject
Project("{FAE04EC0-301F-11D3-BF4B-00C04F79EFBC}") = "HubCloud.BlazorSheet.Core", "src\HubCloud.BlazorSheet.Core\HubCloud.BlazorSheet.Core.csproj", "{F285C1A8-7AA4-43B2-8817-9E9B78D08AFF}"
EndProject
Project("{FAE04EC0-301F-11D3-BF4B-00C04F79EFBC}") = "HubCloud.BlazorSheet", "src\HubCloud.BlazorSheet\HubCloud.BlazorSheet.csproj", "{44FB029C-1BC0-4914-BAB1-BC2F7F43C117}"
EndProject
Project("{FAE04EC0-301F-11D3-BF4B-00C04F79EFBC}") = "HubCloud.BlazorSheet.ServerSideExamples", "test\HubCloud.BlazorSheet.ServerSideExamples\HubCloud.BlazorSheet.ServerSideExamples.csproj", "{A2739279-4A65-43E2-9EB3-C236ECDFFD2E}"
EndProject
Project("{FAE04EC0-301F-11D3-BF4B-00C04F79EFBC}") = "HubCloud.BlazorSheet.UnitTests", "test\HubCloud.BlazorSheet.UnitTests\HubCloud.BlazorSheet.UnitTests.csproj", "{F1A04EB3-97CD-433C-B0FD-AAE8E51ACF99}"
EndProject
Global
	GlobalSection(SolutionConfigurationPlatforms) = preSolution
		Debug|Any CPU = Debug|Any CPU
		Release|Any CPU = Release|Any CPU
	EndGlobalSection
	GlobalSection(ProjectConfigurationPlatforms) = postSolution
		{F285C1A8-7AA4-43B2-8817-9E9B78D08AFF}.Debug|Any CPU.ActiveCfg = Debug|Any CPU
		{F285C1A8-7AA4-43B2-8817-9E9B78D08AFF}.Debug|Any CPU.Build.0 = Debug|Any CPU
		{F285C1A8-7AA4-43B2-8817-9E9B78D08AFF}.Release|Any CPU.ActiveCfg = Release|Any CPU
		{F285C1A8-7AA4-43B2-8817-9E9B78D08AFF}.Release|Any CPU.Build.0 = Release|Any CPU
		{44FB029C-1BC0-4914-BAB1-BC2F7F43C117}.Debug|Any CPU.ActiveCfg = Debug|Any CPU
		{44FB029C-1BC0-4914-BAB1-BC2F7F43C117}.Debug|Any CPU.Build.0 = Debug|Any CPU
		{44FB029C-1BC0-4914-BAB1-BC2F7F43C117}.Release|Any CPU.ActiveCfg = Release|Any CPU
		{44FB029C-1BC0-4914-BAB1-BC2F7F43C117}.Release|Any CPU.Build.0 = Release|Any CPU
		{A2739279-4A65-43E2-9EB3-C236ECDFFD2E}.Debug|Any CPU.ActiveCfg = Debug|Any CPU
		{A2739279-4A65-43E2-9EB3-C236ECDFFD2E}.Debug|Any CPU.Build.0 = Debug|Any CPU
		{A2739279-4A65-43E2-9EB3-C236ECDFFD2E}.Release|Any CPU.ActiveCfg = Release|Any CPU
		{A2739279-4A65-43E2-9EB3-C236ECDFFD2E}.Release|Any CPU.Build.0 = Release|Any CPU
		{F1A04EB3-97CD-433C-B0FD-AAE8E51ACF99}.Debug|Any CPU.ActiveCfg = Debug|Any CPU
		{F1A04EB3-97CD-433C-B0FD-AAE8E51ACF99}.Debug|Any CPU.Build.0 = Debug|Any CPU
		{F1A04EB3-97CD-433C-B0FD-AAE8E51ACF99}.Release|Any CPU.ActiveCfg = Release|Any CPU
		{F1A04EB3-97CD-433C-B0FD-AAE8E51ACF99}.Release|Any CPU.Build.0 = Release|Any CPU
	EndGlobalSection
	GlobalSection(SolutionProperties) = preSolution
		HideSolutionNode = FALSE
	EndGlobalSection
	GlobalSection(NestedProjects) = preSolution
		{F285C1A8-7AA4-43B2-8817-9E9B78D08AFF} = {06761E04-C90E-49EC-BFA4-43F5DCF70D2D}
		{44FB029C-1BC0-4914-BAB1-BC2F7F43C117} = {06761E04-C90E-49EC-BFA4-43F5DCF70D2D}
		{A2739279-4A65-43E2-9EB3-C236ECDFFD2E} = {34589507-5B45-4BA5-9CD0-2A5D5B4E764C}
		{F1A04EB3-97CD-433C-B0FD-AAE8E51ACF99} = {34589507-5B45-4BA5-9CD0-2A5D5B4E764C}
	EndGlobalSection
	GlobalSection(ExtensibilityGlobals) = postSolution
		SolutionGuid = {F8546A91-A1B4-419D-BFD7-2FB627B54DED}
	EndGlobalSection
EndGlobal
